
Microsoft Visual Studio Solution File, Format Version 12.00
# Visual Studio Version 16
VisualStudioVersion = 16.0.28729.10
MinimumVisualStudioVersion = 10.0.40219.1
Project("{9A19103F-16F7-4668-BE54-9A1E7A4F7556}") = "SwissKnifeDotNetCore", "src\SwissKnifeDotNetCore\SwissKnifeDotNetCore.csproj", "{74B314CF-21DD-4D98-B135-3EAD59BDF24A}"
EndProject
Project("{2150E333-8FDC-42A3-9474-1A3956D46DE8}") = "src", "src", "{54308C85-488A-4E36-9C9F-21162F163A5D}"
EndProject
Project("{2150E333-8FDC-42A3-9474-1A3956D46DE8}") = "docs", "docs", "{4574BAFE-86A3-44B4-B2EA-DAE6AA2D11F6}"
	ProjectSection(SolutionItems) = preProject
		docs\ReadMe.txt = docs\ReadMe.txt
	EndProjectSection
EndProject
Project("{2150E333-8FDC-42A3-9474-1A3956D46DE8}") = "tests", "tests", "{330514D5-C6B5-44ED-B76D-A1D9B82C1FC1}"
EndProject
Project("{FAE04EC0-301F-11D3-BF4B-00C04F79EFBC}") = "UnitTests", "tests\UnitTests\UnitTests.csproj", "{98BA1CCD-C05C-419A-BEA2-F9B28D301B1E}"
EndProject
Global
	GlobalSection(SolutionConfigurationPlatforms) = preSolution
		Debug|Any CPU = Debug|Any CPU
		Release|Any CPU = Release|Any CPU
	EndGlobalSection
	GlobalSection(ProjectConfigurationPlatforms) = postSolution
		{74B314CF-21DD-4D98-B135-3EAD59BDF24A}.Debug|Any CPU.ActiveCfg = Debug|Any CPU
		{74B314CF-21DD-4D98-B135-3EAD59BDF24A}.Debug|Any CPU.Build.0 = Debug|Any CPU
		{74B314CF-21DD-4D98-B135-3EAD59BDF24A}.Release|Any CPU.ActiveCfg = Release|Any CPU
		{74B314CF-21DD-4D98-B135-3EAD59BDF24A}.Release|Any CPU.Build.0 = Release|Any CPU
		{98BA1CCD-C05C-419A-BEA2-F9B28D301B1E}.Debug|Any CPU.ActiveCfg = Debug|Any CPU
		{98BA1CCD-C05C-419A-BEA2-F9B28D301B1E}.Debug|Any CPU.Build.0 = Debug|Any CPU
		{98BA1CCD-C05C-419A-BEA2-F9B28D301B1E}.Release|Any CPU.ActiveCfg = Release|Any CPU
		{98BA1CCD-C05C-419A-BEA2-F9B28D301B1E}.Release|Any CPU.Build.0 = Release|Any CPU
	EndGlobalSection
	GlobalSection(SolutionProperties) = preSolution
		HideSolutionNode = FALSE
	EndGlobalSection
	GlobalSection(NestedProjects) = preSolution
		{74B314CF-21DD-4D98-B135-3EAD59BDF24A} = {54308C85-488A-4E36-9C9F-21162F163A5D}
		{98BA1CCD-C05C-419A-BEA2-F9B28D301B1E} = {330514D5-C6B5-44ED-B76D-A1D9B82C1FC1}
	EndGlobalSection
	GlobalSection(ExtensibilityGlobals) = postSolution
		SolutionGuid = {B0140049-BB5A-4C0A-8B8E-7A93F79B53E2}
	EndGlobalSection
EndGlobal
