
Microsoft Visual Studio Solution File, Format Version 12.00
# Visual Studio Version 17
VisualStudioVersion = 17.0.31903.59
MinimumVisualStudioVersion = 10.0.40219.1
Project("{2150E333-8FDC-42A3-9474-1A3956D46DE8}") = "src", "src", "{54308C85-488A-4E36-9C9F-21162F163A5D}"
EndProject
Project("{9A19103F-16F7-4668-BE54-9A1E7A4F7556}") = "SwissKnife.Domain", "src\SwissKnife.Domain\SwissKnife.Domain.csproj", "{66EECDA8-5E25-48B8-B65F-E906F53536F0}"
EndProject
Project("{9A19103F-16F7-4668-BE54-9A1E7A4F7556}") = "SwissKnife.Infrastructure", "src\SwissKnife.Infrastructure\SwissKnife.Infrastructure.csproj", "{55DBFA85-6F88-41C1-868F-21C6AA43282E}"
EndProject
Global
	GlobalSection(SolutionConfigurationPlatforms) = preSolution
		Debug|Any CPU = Debug|Any CPU
		Release|Any CPU = Release|Any CPU
	EndGlobalSection
	GlobalSection(ProjectConfigurationPlatforms) = postSolution
		{66EECDA8-5E25-48B8-B65F-E906F53536F0}.Debug|Any CPU.ActiveCfg = Debug|Any CPU
		{66EECDA8-5E25-48B8-B65F-E906F53536F0}.Debug|Any CPU.Build.0 = Debug|Any CPU
		{66EECDA8-5E25-48B8-B65F-E906F53536F0}.Release|Any CPU.ActiveCfg = Release|Any CPU
		{66EECDA8-5E25-48B8-B65F-E906F53536F0}.Release|Any CPU.Build.0 = Release|Any CPU
		{55DBFA85-6F88-41C1-868F-21C6AA43282E}.Debug|Any CPU.ActiveCfg = Debug|Any CPU
		{55DBFA85-6F88-41C1-868F-21C6AA43282E}.Debug|Any CPU.Build.0 = Debug|Any CPU
		{55DBFA85-6F88-41C1-868F-21C6AA43282E}.Release|Any CPU.ActiveCfg = Release|Any CPU
		{55DBFA85-6F88-41C1-868F-21C6AA43282E}.Release|Any CPU.Build.0 = Release|Any CPU
	EndGlobalSection
	GlobalSection(SolutionProperties) = preSolution
		HideSolutionNode = FALSE
	EndGlobalSection
	GlobalSection(NestedProjects) = preSolution
		{66EECDA8-5E25-48B8-B65F-E906F53536F0} = {54308C85-488A-4E36-9C9F-21162F163A5D}
		{55DBFA85-6F88-41C1-868F-21C6AA43282E} = {54308C85-488A-4E36-9C9F-21162F163A5D}
	EndGlobalSection
	GlobalSection(ExtensibilityGlobals) = postSolution
		SolutionGuid = {B0140049-BB5A-4C0A-8B8E-7A93F79B53E2}
	EndGlobalSection
EndGlobal
